
Microsoft Visual Studio Solution File, Format Version 12.00
# Visual Studio Version 17
VisualStudioVersion = 17.11.35222.181
MinimumVisualStudioVersion = 10.0.40219.1
Project("{FAE04EC0-301F-11D3-BF4B-00C04F79EFBC}") = "BusinessObject", "BusinessObject\BusinessObject.csproj", "{30E87EB0-D54E-4323-9803-E9E9DAE092D5}"
EndProject
Global
	GlobalSection(SolutionConfigurationPlatforms) = preSolution
		Debug|Any CPU = Debug|Any CPU
		Release|Any CPU = Release|Any CPU
	EndGlobalSection
	GlobalSection(ProjectConfigurationPlatforms) = postSolution
		{30E87EB0-D54E-4323-9803-E9E9DAE092D5}.Debug|Any CPU.ActiveCfg = Debug|Any CPU
		{30E87EB0-D54E-4323-9803-E9E9DAE092D5}.Debug|Any CPU.Build.0 = Debug|Any CPU
		{30E87EB0-D54E-4323-9803-E9E9DAE092D5}.Release|Any CPU.ActiveCfg = Release|Any CPU
		{30E87EB0-D54E-4323-9803-E9E9DAE092D5}.Release|Any CPU.Build.0 = Release|Any CPU
	EndGlobalSection
	GlobalSection(SolutionProperties) = preSolution
		HideSolutionNode = FALSE
	EndGlobalSection
	GlobalSection(ExtensibilityGlobals) = postSolution
		SolutionGuid = {0B1DDCEC-BA21-4D2A-B8EB-809371AFF1F3}
	EndGlobalSection
EndGlobal
